# THIS IS AN AUTOGENERATED FILE. DO NOT EDIT THIS FILE DIRECTLY.
# yarn lockfile v1
drip@1.1.x:
  version "1.1.0"
  resolved "https://registry.yarnpkg.com/drip/-/drip-1.1.0.tgz#ccefb1e686d86fc115b70c9ec126f8f871bdfd7e"
  dependencies:
    tea-concat "0.1.0"

electron-log:
  version "1.2.2"
  resolved "https://registry.yarnpkg.com/electron-log/-/electron-log-1.2.2.tgz#55d6a907013311340fe629050e1a88ec889f6ad8"

electron@^0.4.1:
  version "0.4.1"
  resolved "https://registry.yarnpkg.com/electron/-/electron-0.4.1.tgz#a78a051a7882f4e542d6e207d8a1a73076b30144"
  dependencies:
    drip "1.1.x"

lodash.remove@^4.5.0:
  version "4.7.0"
  resolved "https://registry.yarnpkg.com/lodash.remove/-/lodash.remove-4.7.0.tgz#f31d31e7c39a0690d5074ec0d3627162334ee626"

tea-concat@0.1.0:
  version "0.1.0"
  resolved "https://registry.yarnpkg.com/tea-concat/-/tea-concat-0.1.0.tgz#ea2e907400fdd78a6334ce020fa3c69502d99e84"

